// !$*UTF8*$!
{
	archiveVersion = 1;
	classes = {
	};
	objectVersion = 46;
	objects = {

/* Begin PBXBuildFile section */
		DCEA3F501A010999008A7D5B /* main.m in Sources */ = {isa = PBXBuildFile; fileRef = DCEA3F4F1A010999008A7D5B /* main.m */; };
		DCEA3F531A010999008A7D5B /* AppDelegate.m in Sources */ = {isa = PBXBuildFile; fileRef = DCEA3F521A010999008A7D5B /* AppDelegate.m */; };
		DCEA3F561A010999008A7D5B /* ViewController.m in Sources */ = {isa = PBXBuildFile; fileRef = DCEA3F551A010999008A7D5B /* ViewController.m */; };
		DCEA3F591A010999008A7D5B /* Main.storyboard in Resources */ = {isa = PBXBuildFile; fileRef = DCEA3F571A010999008A7D5B /* Main.storyboard */; };
		DCEA3F5B1A010999008A7D5B /* Images.xcassets in Resources */ = {isa = PBXBuildFile; fileRef = DCEA3F5A1A010999008A7D5B /* Images.xcassets */; };
		DCEA3F5E1A010999008A7D5B /* LaunchScreen.xib in Resources */ = {isa = PBXBuildFile; fileRef = DCEA3F5C1A010999008A7D5B /* LaunchScreen.xib */; };
		DCEA3F6A1A01099A008A7D5B /* aufgabe1Tests.m in Sources */ = {isa = PBXBuildFile; fileRef = DCEA3F691A01099A008A7D5B /* aufgabe1Tests.m */; };
		DCF97F301A010E9F00F06EF4 /* Contact.m in Sources */ = {isa = PBXBuildFile; fileRef = DCF97F2F1A010E9F00F06EF4 /* Contact.m */; };
		DCF97F331A0111A300F06EF4 /* ContactManager.m in Sources */ = {isa = PBXBuildFile; fileRef = DCF97F321A0111A300F06EF4 /* ContactManager.m */; };
/* End PBXBuildFile section */

/* Begin PBXContainerItemProxy section */
		DCEA3F641A01099A008A7D5B /* PBXContainerItemProxy */ = {
			isa = PBXContainerItemProxy;
			containerPortal = DCEA3F421A010999008A7D5B /* Project object */;
			proxyType = 1;
			remoteGlobalIDString = DCEA3F491A010999008A7D5B;
			remoteInfo = aufgabe1;
		};
/* End PBXContainerItemProxy section */

/* Begin PBXFileReference section */
		DC3831EB1A010C910049C855 /* Contact.h */ = {isa = PBXFileReference; lastKnownFileType = sourcecode.c.h; path = Contact.h; sourceTree = "<group>"; };
		DCEA3F4A1A010999008A7D5B /* aufgabe1.app */ = {isa = PBXFileReference; explicitFileType = wrapper.application; includeInIndex = 0; path = aufgabe1.app; sourceTree = BUILT_PRODUCTS_DIR; };
		DCEA3F4E1A010999008A7D5B /* Info.plist */ = {isa = PBXFileReference; lastKnownFileType = text.plist.xml; path = Info.plist; sourceTree = "<group>"; };
		DCEA3F4F1A010999008A7D5B /* main.m */ = {isa = PBXFileReference; lastKnownFileType = sourcecode.c.objc; path = main.m; sourceTree = "<group>"; };
		DCEA3F511A010999008A7D5B /* AppDelegate.h */ = {isa = PBXFileReference; lastKnownFileType = sourcecode.c.h; path = AppDelegate.h; sourceTree = "<group>"; };
		DCEA3F521A010999008A7D5B /* AppDelegate.m */ = {isa = PBXFileReference; lastKnownFileType = sourcecode.c.objc; path = AppDelegate.m; sourceTree = "<group>"; };
		DCEA3F541A010999008A7D5B /* ViewController.h */ = {isa = PBXFileReference; lastKnownFileType = sourcecode.c.h; path = ViewController.h; sourceTree = "<group>"; };
		DCEA3F551A010999008A7D5B /* ViewController.m */ = {isa = PBXFileReference; lastKnownFileType = sourcecode.c.objc; path = ViewController.m; sourceTree = "<group>"; };
		DCEA3F581A010999008A7D5B /* Base */ = {isa = PBXFileReference; lastKnownFileType = file.storyboard; name = Base; path = Base.lproj/Main.storyboard; sourceTree = "<group>"; };
		DCEA3F5A1A010999008A7D5B /* Images.xcassets */ = {isa = PBXFileReference; lastKnownFileType = folder.assetcatalog; path = Images.xcassets; sourceTree = "<group>"; };
		DCEA3F5D1A010999008A7D5B /* Base */ = {isa = PBXFileReference; lastKnownFileType = file.xib; name = Base; path = Base.lproj/LaunchScreen.xib; sourceTree = "<group>"; };
		DCEA3F631A01099A008A7D5B /* aufgabe1Tests.xctest */ = {isa = PBXFileReference; explicitFileType = wrapper.cfbundle; includeInIndex = 0; path = aufgabe1Tests.xctest; sourceTree = BUILT_PRODUCTS_DIR; };
		DCEA3F681A01099A008A7D5B /* Info.plist */ = {isa = PBXFileReference; lastKnownFileType = text.plist.xml; path = Info.plist; sourceTree = "<group>"; };
		DCEA3F691A01099A008A7D5B /* aufgabe1Tests.m */ = {isa = PBXFileReference; lastKnownFileType = sourcecode.c.objc; path = aufgabe1Tests.m; sourceTree = "<group>"; };
		DCF97F2F1A010E9F00F06EF4 /* Contact.m */ = {isa = PBXFileReference; fileEncoding = 4; lastKnownFileType = sourcecode.c.objc; path = Contact.m; sourceTree = "<group>"; };
		DCF97F311A01110F00F06EF4 /* ContactManager.h */ = {isa = PBXFileReference; lastKnownFileType = sourcecode.c.h; path = ContactManager.h; sourceTree = "<group>"; };
		DCF97F321A0111A300F06EF4 /* ContactManager.m */ = {isa = PBXFileReference; fileEncoding = 4; lastKnownFileType = sourcecode.c.objc; path = ContactManager.m; sourceTree = "<group>"; };
/* End PBXFileReference section */

/* Begin PBXFrameworksBuildPhase section */
		DCEA3F471A010999008A7D5B /* Frameworks */ = {
			isa = PBXFrameworksBuildPhase;
			buildActionMask = 2147483647;
			files = (
			);
			runOnlyForDeploymentPostprocessing = 0;
		};
		DCEA3F601A01099A008A7D5B /* Frameworks */ = {
			isa = PBXFrameworksBuildPhase;
			buildActionMask = 2147483647;
			files = (
			);
			runOnlyForDeploymentPostprocessing = 0;
		};
/* End PBXFrameworksBuildPhase section */

/* Begin PBXGroup section */
		DCEA3F411A010999008A7D5B = {
			isa = PBXGroup;
			children = (
				DCEA3F4C1A010999008A7D5B /* aufgabe1 */,
				DCEA3F661A01099A008A7D5B /* aufgabe1Tests */,
				DCEA3F4B1A010999008A7D5B /* Products */,
			);
			sourceTree = "<group>";
		};
		DCEA3F4B1A010999008A7D5B /* Products */ = {
			isa = PBXGroup;
			children = (
				DCEA3F4A1A010999008A7D5B /* aufgabe1.app */,
				DCEA3F631A01099A008A7D5B /* aufgabe1Tests.xctest */,
			);
			name = Products;
			sourceTree = "<group>";
		};
		DCEA3F4C1A010999008A7D5B /* aufgabe1 */ = {
			isa = PBXGroup;
			children = (
				DCEA3F511A010999008A7D5B /* AppDelegate.h */,
				DCEA3F521A010999008A7D5B /* AppDelegate.m */,
				DCEA3F541A010999008A7D5B /* ViewController.h */,
				DCEA3F551A010999008A7D5B /* ViewController.m */,
				DCEA3F571A010999008A7D5B /* Main.storyboard */,
				DCEA3F5A1A010999008A7D5B /* Images.xcassets */,
				DCEA3F5C1A010999008A7D5B /* LaunchScreen.xib */,
				DCEA3F4D1A010999008A7D5B /* Supporting Files */,
				DC3831EB1A010C910049C855 /* Contact.h */,
				DCF97F2F1A010E9F00F06EF4 /* Contact.m */,
				DCF97F311A01110F00F06EF4 /* ContactManager.h */,
				DCF97F321A0111A300F06EF4 /* ContactManager.m */,
			);
			path = aufgabe1;
			sourceTree = "<group>";
		};
		DCEA3F4D1A010999008A7D5B /* Supporting Files */ = {
			isa = PBXGroup;
			children = (
				DCEA3F4E1A010999008A7D5B /* Info.plist */,
				DCEA3F4F1A010999008A7D5B /* main.m */,
			);
			name = "Supporting Files";
			sourceTree = "<group>";
		};
		DCEA3F661A01099A008A7D5B /* aufgabe1Tests */ = {
			isa = PBXGroup;
			children = (
				DCEA3F691A01099A008A7D5B /* aufgabe1Tests.m */,
				DCEA3F671A01099A008A7D5B /* Supporting Files */,
			);
			path = aufgabe1Tests;
			sourceTree = "<group>";
		};
		DCEA3F671A01099A008A7D5B /* Supporting Files */ = {
			isa = PBXGroup;
			children = (
				DCEA3F681A01099A008A7D5B /* Info.plist */,
			);
			name = "Supporting Files";
			sourceTree = "<group>";
		};
/* End PBXGroup section */

/* Begin PBXNativeTarget section */
		DCEA3F491A010999008A7D5B /* aufgabe1 */ = {
			isa = PBXNativeTarget;
			buildConfigurationList = DCEA3F6D1A01099A008A7D5B /* Build configuration list for PBXNativeTarget "aufgabe1" */;
			buildPhases = (
				DCEA3F461A010999008A7D5B /* Sources */,
				DCEA3F471A010999008A7D5B /* Frameworks */,
				DCEA3F481A010999008A7D5B /* Resources */,
			);
			buildRules = (
			);
			dependencies = (
			);
			name = aufgabe1;
			productName = aufgabe1;
			productReference = DCEA3F4A1A010999008A7D5B /* aufgabe1.app */;
			productType = "com.apple.product-type.application";
		};
		DCEA3F621A01099A008A7D5B /* aufgabe1Tests */ = {
			isa = PBXNativeTarget;
			buildConfigurationList = DCEA3F701A01099A008A7D5B /* Build configuration list for PBXNativeTarget "aufgabe1Tests" */;
			buildPhases = (
				DCEA3F5F1A01099A008A7D5B /* Sources */,
				DCEA3F601A01099A008A7D5B /* Frameworks */,
				DCEA3F611A01099A008A7D5B /* Resources */,
			);
			buildRules = (
			);
			dependencies = (
				DCEA3F651A01099A008A7D5B /* PBXTargetDependency */,
			);
			name = aufgabe1Tests;
			productName = aufgabe1Tests;
			productReference = DCEA3F631A01099A008A7D5B /* aufgabe1Tests.xctest */;
			productType = "com.apple.product-type.bundle.unit-test";
		};
/* End PBXNativeTarget section */

/* Begin PBXProject section */
		DCEA3F421A010999008A7D5B /* Project object */ = {
			isa = PBXProject;
			attributes = {
				LastUpgradeCheck = 0610;
				ORGANIZATIONNAME = "Felix Jensen";
				TargetAttributes = {
					DCEA3F491A010999008A7D5B = {
						CreatedOnToolsVersion = 6.1;
					};
					DCEA3F621A01099A008A7D5B = {
						CreatedOnToolsVersion = 6.1;
						TestTargetID = DCEA3F491A010999008A7D5B;
					};
				};
			};
			buildConfigurationList = DCEA3F451A010999008A7D5B /* Build configuration list for PBXProject "aufgabe1" */;
			compatibilityVersion = "Xcode 3.2";
			developmentRegion = English;
			hasScannedForEncodings = 0;
			knownRegions = (
				en,
				Base,
			);
			mainGroup = DCEA3F411A010999008A7D5B;
			productRefGroup = DCEA3F4B1A010999008A7D5B /* Products */;
			projectDirPath = "";
			projectRoot = "";
			targets = (
				DCEA3F491A010999008A7D5B /* aufgabe1 */,
				DCEA3F621A01099A008A7D5B /* aufgabe1Tests */,
			);
		};
/* End PBXProject section */

/* Begin PBXResourcesBuildPhase section */
		DCEA3F481A010999008A7D5B /* Resources */ = {
			isa = PBXResourcesBuildPhase;
			buildActionMask = 2147483647;
			files = (
				DCEA3F591A010999008A7D5B /* Main.storyboard in Resources */,
				DCEA3F5E1A010999008A7D5B /* LaunchScreen.xib in Resources */,
				DCEA3F5B1A010999008A7D5B /* Images.xcassets in Resources */,
			);
			runOnlyForDeploymentPostprocessing = 0;
		};
		DCEA3F611A01099A008A7D5B /* Resources */ = {
			isa = PBXResourcesBuildPhase;
			buildActionMask = 2147483647;
			files = (
			);
			runOnlyForDeploymentPostprocessing = 0;
		};
/* End PBXResourcesBuildPhase section */

/* Begin PBXSourcesBuildPhase section */
		DCEA3F461A010999008A7D5B /* Sources */ = {
			isa = PBXSourcesBuildPhase;
			buildActionMask = 2147483647;
			files = (
				DCF97F331A0111A300F06EF4 /* ContactManager.m in Sources */,
				DCF97F301A010E9F00F06EF4 /* Contact.m in Sources */,
				DCEA3F561A010999008A7D5B /* ViewController.m in Sources */,
				DCEA3F531A010999008A7D5B /* AppDelegate.m in Sources */,
				DCEA3F501A010999008A7D5B /* main.m in Sources */,
			);
			runOnlyForDeploymentPostprocessing = 0;
		};
		DCEA3F5F1A01099A008A7D5B /* Sources */ = {
			isa = PBXSourcesBuildPhase;
			buildActionMask = 2147483647;
			files = (
				DCEA3F6A1A01099A008A7D5B /* aufgabe1Tests.m in Sources */,
			);
			runOnlyForDeploymentPostprocessing = 0;
		};
/* End PBXSourcesBuildPhase section */

/* Begin PBXTargetDependency section */
		DCEA3F651A01099A008A7D5B /* PBXTargetDependency */ = {
			isa = PBXTargetDependency;
			target = DCEA3F491A010999008A7D5B /* aufgabe1 */;
			targetProxy = DCEA3F641A01099A008A7D5B /* PBXContainerItemProxy */;
		};
/* End PBXTargetDependency section */

/* Begin PBXVariantGroup section */
		DCEA3F571A010999008A7D5B /* Main.storyboard */ = {
			isa = PBXVariantGroup;
			children = (
				DCEA3F581A010999008A7D5B /* Base */,
			);
			name = Main.storyboard;
			sourceTree = "<group>";
		};
		DCEA3F5C1A010999008A7D5B /* LaunchScreen.xib */ = {
			isa = PBXVariantGroup;
			children = (
				DCEA3F5D1A010999008A7D5B /* Base */,
			);
			name = LaunchScreen.xib;
			sourceTree = "<group>";
		};
/* End PBXVariantGroup section */

/* Begin XCBuildConfiguration section */
		DCEA3F6B1A01099A008A7D5B /* Debug */ = {
			isa = XCBuildConfiguration;
			buildSettings = {
				ALWAYS_SEARCH_USER_PATHS = NO;
				CLANG_CXX_LANGUAGE_STANDARD = "gnu++0x";
				CLANG_CXX_LIBRARY = "libc++";
				CLANG_ENABLE_MODULES = YES;
				CLANG_ENABLE_OBJC_ARC = YES;
				CLANG_WARN_BOOL_CONVERSION = YES;
				CLANG_WARN_CONSTANT_CONVERSION = YES;
				CLANG_WARN_DIRECT_OBJC_ISA_USAGE = YES_ERROR;
				CLANG_WARN_EMPTY_BODY = YES;
				CLANG_WARN_ENUM_CONVERSION = YES;
				CLANG_WARN_INT_CONVERSION = YES;
				CLANG_WARN_OBJC_ROOT_CLASS = YES_ERROR;
				CLANG_WARN_UNREACHABLE_CODE = YES;
				CLANG_WARN__DUPLICATE_METHOD_MATCH = YES;
				"CODE_SIGN_IDENTITY[sdk=iphoneos*]" = "iPhone Developer";
				COPY_PHASE_STRIP = NO;
				ENABLE_STRICT_OBJC_MSGSEND = YES;
				GCC_C_LANGUAGE_STANDARD = gnu99;
				GCC_DYNAMIC_NO_PIC = NO;
				GCC_OPTIMIZATION_LEVEL = 0;
				GCC_PREPROCESSOR_DEFINITIONS = (
					"DEBUG=1",
					"$(inherited)",
				);
				GCC_SYMBOLS_PRIVATE_EXTERN = NO;
				GCC_WARN_64_TO_32_BIT_CONVERSION = YES;
				GCC_WARN_ABOUT_RETURN_TYPE = YES_ERROR;
				GCC_WARN_UNDECLARED_SELECTOR = YES;
				GCC_WARN_UNINITIALIZED_AUTOS = YES_AGGRESSIVE;
				GCC_WARN_UNUSED_FUNCTION = YES;
				GCC_WARN_UNUSED_VARIABLE = YES;
				IPHONEOS_DEPLOYMENT_TARGET = 8.1;
				MTL_ENABLE_DEBUG_INFO = YES;
				ONLY_ACTIVE_ARCH = YES;
				SDKROOT = iphoneos;
			};
			name = Debug;
		};
		DCEA3F6C1A01099A008A7D5B /* Release */ = {
			isa = XCBuildConfiguration;
			buildSettings = {
				ALWAYS_SEARCH_USER_PATHS = NO;
				CLANG_CXX_LANGUAGE_STANDARD = "gnu++0x";
				CLANG_CXX_LIBRARY = "libc++";
				CLANG_ENABLE_MODULES = YES;
				CLANG_ENABLE_OBJC_ARC = YES;
				CLANG_WARN_BOOL_CONVERSION = YES;
				CLANG_WARN_CONSTANT_CONVERSION = YES;
				CLANG_WARN_DIRECT_OBJC_ISA_USAGE = YES_ERROR;
				CLANG_WARN_EMPTY_BODY = YES;
				CLANG_WARN_ENUM_CONVERSION = YES;
				CLANG_WARN_INT_CONVERSION = YES;
				CLANG_WARN_OBJC_ROOT_CLASS = YES_ERROR;
				CLANG_WARN_UNREACHABLE_CODE = YES;
				CLANG_WARN__DUPLICATE_METHOD_MATCH = YES;
				"CODE_SIGN_IDENTITY[sdk=iphoneos*]" = "iPhone Developer";
				COPY_PHASE_STRIP = YES;
				ENABLE_NS_ASSERTIONS = NO;
				ENABLE_STRICT_OBJC_MSGSEND = YES;
				GCC_C_LANGUAGE_STANDARD = gnu99;
				GCC_WARN_64_TO_32_BIT_CONVERSION = YES;
				GCC_WARN_ABOUT_RETURN_TYPE = YES_ERROR;
				GCC_WARN_UNDECLARED_SELECTOR = YES;
				GCC_WARN_UNINITIALIZED_AUTOS = YES_AGGRESSIVE;
				GCC_WARN_UNUSED_FUNCTION = YES;
				GCC_WARN_UNUSED_VARIABLE = YES;
				IPHONEOS_DEPLOYMENT_TARGET = 8.1;
				MTL_ENABLE_DEBUG_INFO = NO;
				SDKROOT = iphoneos;
				VALIDATE_PRODUCT = YES;
			};
			name = Release;
		};
		DCEA3F6E1A01099A008A7D5B /* Debug */ = {
			isa = XCBuildConfiguration;
			buildSettings = {
				ASSETCATALOG_COMPILER_APPICON_NAME = AppIcon;
				INFOPLIST_FILE = aufgabe1/Info.plist;
				LD_RUNPATH_SEARCH_PATHS = "$(inherited) @executable_path/Frameworks";
				PRODUCT_NAME = "$(TARGET_NAME)";
			};
			name = Debug;
		};
		DCEA3F6F1A01099A008A7D5B /* Release */ = {
			isa = XCBuildConfiguration;
			buildSettings = {
				ASSETCATALOG_COMPILER_APPICON_NAME = AppIcon;
				INFOPLIST_FILE = aufgabe1/Info.plist;
				LD_RUNPATH_SEARCH_PATHS = "$(inherited) @executable_path/Frameworks";
				PRODUCT_NAME = "$(TARGET_NAME)";
			};
			name = Release;
		};
		DCEA3F711A01099A008A7D5B /* Debug */ = {
			isa = XCBuildConfiguration;
			buildSettings = {
				BUNDLE_LOADER = "$(TEST_HOST)";
				FRAMEWORK_SEARCH_PATHS = (
					"$(SDKROOT)/Developer/Library/Frameworks",
					"$(inherited)",
				);
				GCC_PREPROCESSOR_DEFINITIONS = (
					"DEBUG=1",
					"$(inherited)",
				);
				INFOPLIST_FILE = aufgabe1Tests/Info.plist;
				LD_RUNPATH_SEARCH_PATHS = "$(inherited) @executable_path/Frameworks @loader_path/Frameworks";
				PRODUCT_NAME = "$(TARGET_NAME)";
				TEST_HOST = "$(BUILT_PRODUCTS_DIR)/aufgabe1.app/aufgabe1";
			};
			name = Debug;
		};
		DCEA3F721A01099A008A7D5B /* Release */ = {
			isa = XCBuildConfiguration;
			buildSettings = {
				BUNDLE_LOADER = "$(TEST_HOST)";
				FRAMEWORK_SEARCH_PATHS = (
					"$(SDKROOT)/Developer/Library/Frameworks",
					"$(inherited)",
				);
				INFOPLIST_FILE = aufgabe1Tests/Info.plist;
				LD_RUNPATH_SEARCH_PATHS = "$(inherited) @executable_path/Frameworks @loader_path/Frameworks";
				PRODUCT_NAME = "$(TARGET_NAME)";
				TEST_HOST = "$(BUILT_PRODUCTS_DIR)/aufgabe1.app/aufgabe1";
			};
			name = Release;
		};
/* End XCBuildConfiguration section */

/* Begin XCConfigurationList section */
		DCEA3F451A010999008A7D5B /* Build configuration list for PBXProject "aufgabe1" */ = {
			isa = XCConfigurationList;
			buildConfigurations = (
				DCEA3F6B1A01099A008A7D5B /* Debug */,
				DCEA3F6C1A01099A008A7D5B /* Release */,
			);
			defaultConfigurationIsVisible = 0;
			defaultConfigurationName = Release;
		};
		DCEA3F6D1A01099A008A7D5B /* Build configuration list for PBXNativeTarget "aufgabe1" */ = {
			isa = XCConfigurationList;
			buildConfigurations = (
				DCEA3F6E1A01099A008A7D5B /* Debug */,
				DCEA3F6F1A01099A008A7D5B /* Release */,
			);
			defaultConfigurationIsVisible = 0;
			defaultConfigurationName = Release;
		};
		DCEA3F701A01099A008A7D5B /* Build configuration list for PBXNativeTarget "aufgabe1Tests" */ = {
			isa = XCConfigurationList;
			buildConfigurations = (
				DCEA3F711A01099A008A7D5B /* Debug */,
				DCEA3F721A01099A008A7D5B /* Release */,
			);
			defaultConfigurationIsVisible = 0;
			defaultConfigurationName = Release;
		};
/* End XCConfigurationList section */
	};
	rootObject = DCEA3F421A010999008A7D5B /* Project object */;
}
