// !$*UTF8*$!
{
	archiveVersion = 1;
	classes = {
	};
	objectVersion = 46;
	objects = {

/* Begin PBXBuildFile section */
		DC1BF6541A260AAF00247A0F /* ContactManager.m in Sources */ = {isa = PBXBuildFile; fileRef = DC1BF6521A260AAF00247A0F /* ContactManager.m */; };
		DC1BF6571A260FE600247A0F /* ContactTableViewController.m in Sources */ = {isa = PBXBuildFile; fileRef = DC1BF6561A260FE600247A0F /* ContactTableViewController.m */; };
		DC1BF65E1A26187A00247A0F /* ContactTableViewCell.m in Sources */ = {isa = PBXBuildFile; fileRef = DC1BF65D1A26187A00247A0F /* ContactTableViewCell.m */; };
		DC27CE9E1A2889AA00318FB8 /* todo.txt in Resources */ = {isa = PBXBuildFile; fileRef = DC27CE9D1A2889AA00318FB8 /* todo.txt */; };
		DC27CEA71A28973C00318FB8 /* Contact.m in Sources */ = {isa = PBXBuildFile; fileRef = DC27CEA61A28973C00318FB8 /* Contact.m */; };
		DC6C71CB1A2608410075E20F /* main.m in Sources */ = {isa = PBXBuildFile; fileRef = DC6C71CA1A2608410075E20F /* main.m */; };
		DC6C71CE1A2608410075E20F /* AppDelegate.m in Sources */ = {isa = PBXBuildFile; fileRef = DC6C71CD1A2608410075E20F /* AppDelegate.m */; };
		DC6C71D11A2608410075E20F /* ios_praktikum.xcdatamodeld in Sources */ = {isa = PBXBuildFile; fileRef = DC6C71CF1A2608410075E20F /* ios_praktikum.xcdatamodeld */; };
		DC6C71D41A2608410075E20F /* SaveContactViewController.m in Sources */ = {isa = PBXBuildFile; fileRef = DC6C71D31A2608410075E20F /* SaveContactViewController.m */; };
		DC6C71D71A2608410075E20F /* Main.storyboard in Resources */ = {isa = PBXBuildFile; fileRef = DC6C71D51A2608410075E20F /* Main.storyboard */; };
		DC6C71D91A2608410075E20F /* Images.xcassets in Resources */ = {isa = PBXBuildFile; fileRef = DC6C71D81A2608410075E20F /* Images.xcassets */; };
		DC6C71DC1A2608410075E20F /* LaunchScreen.xib in Resources */ = {isa = PBXBuildFile; fileRef = DC6C71DA1A2608410075E20F /* LaunchScreen.xib */; };
		DC6C71E81A2608410075E20F /* ios_praktikumTests.m in Sources */ = {isa = PBXBuildFile; fileRef = DC6C71E71A2608410075E20F /* ios_praktikumTests.m */; };
/* End PBXBuildFile section */

/* Begin PBXContainerItemProxy section */
		DC6C71E21A2608410075E20F /* PBXContainerItemProxy */ = {
			isa = PBXContainerItemProxy;
			containerPortal = DC6C71BD1A2608410075E20F /* Project object */;
			proxyType = 1;
			remoteGlobalIDString = DC6C71C41A2608410075E20F;
			remoteInfo = ios_praktikum;
		};
/* End PBXContainerItemProxy section */

/* Begin PBXFileReference section */
		DC1BF6511A260AAF00247A0F /* ContactManager.h */ = {isa = PBXFileReference; fileEncoding = 4; lastKnownFileType = sourcecode.c.h; path = ContactManager.h; sourceTree = "<group>"; };
		DC1BF6521A260AAF00247A0F /* ContactManager.m */ = {isa = PBXFileReference; fileEncoding = 4; lastKnownFileType = sourcecode.c.objc; path = ContactManager.m; sourceTree = "<group>"; };
		DC1BF6551A260FE600247A0F /* ContactTableViewController.h */ = {isa = PBXFileReference; fileEncoding = 4; lastKnownFileType = sourcecode.c.h; path = ContactTableViewController.h; sourceTree = "<group>"; };
		DC1BF6561A260FE600247A0F /* ContactTableViewController.m */ = {isa = PBXFileReference; fileEncoding = 4; lastKnownFileType = sourcecode.c.objc; path = ContactTableViewController.m; sourceTree = "<group>"; };
		DC1BF65C1A26187A00247A0F /* ContactTableViewCell.h */ = {isa = PBXFileReference; fileEncoding = 4; lastKnownFileType = sourcecode.c.h; path = ContactTableViewCell.h; sourceTree = "<group>"; };
		DC1BF65D1A26187A00247A0F /* ContactTableViewCell.m */ = {isa = PBXFileReference; fileEncoding = 4; lastKnownFileType = sourcecode.c.objc; path = ContactTableViewCell.m; sourceTree = "<group>"; };
		DC27CE9D1A2889AA00318FB8 /* todo.txt */ = {isa = PBXFileReference; fileEncoding = 4; lastKnownFileType = text; path = todo.txt; sourceTree = "<group>"; };
		DC27CEA51A28973C00318FB8 /* Contact.h */ = {isa = PBXFileReference; fileEncoding = 4; lastKnownFileType = sourcecode.c.h; path = Contact.h; sourceTree = "<group>"; };
		DC27CEA61A28973C00318FB8 /* Contact.m */ = {isa = PBXFileReference; fileEncoding = 4; lastKnownFileType = sourcecode.c.objc; path = Contact.m; sourceTree = "<group>"; };
		DC6C71C51A2608410075E20F /* ios_praktikum.app */ = {isa = PBXFileReference; explicitFileType = wrapper.application; includeInIndex = 0; path = ios_praktikum.app; sourceTree = BUILT_PRODUCTS_DIR; };
		DC6C71C91A2608410075E20F /* Info.plist */ = {isa = PBXFileReference; lastKnownFileType = text.plist.xml; path = Info.plist; sourceTree = "<group>"; };
		DC6C71CA1A2608410075E20F /* main.m */ = {isa = PBXFileReference; lastKnownFileType = sourcecode.c.objc; path = main.m; sourceTree = "<group>"; };
		DC6C71CC1A2608410075E20F /* AppDelegate.h */ = {isa = PBXFileReference; lastKnownFileType = sourcecode.c.h; path = AppDelegate.h; sourceTree = "<group>"; };
		DC6C71CD1A2608410075E20F /* AppDelegate.m */ = {isa = PBXFileReference; lastKnownFileType = sourcecode.c.objc; path = AppDelegate.m; sourceTree = "<group>"; };
		DC6C71D01A2608410075E20F /* ios_praktikum.xcdatamodel */ = {isa = PBXFileReference; lastKnownFileType = wrapper.xcdatamodel; path = ios_praktikum.xcdatamodel; sourceTree = "<group>"; };
		DC6C71D21A2608410075E20F /* SaveContactViewController.h */ = {isa = PBXFileReference; lastKnownFileType = sourcecode.c.h; path = SaveContactViewController.h; sourceTree = "<group>"; };
		DC6C71D31A2608410075E20F /* SaveContactViewController.m */ = {isa = PBXFileReference; lastKnownFileType = sourcecode.c.objc; path = SaveContactViewController.m; sourceTree = "<group>"; };
		DC6C71D61A2608410075E20F /* Base */ = {isa = PBXFileReference; lastKnownFileType = file.storyboard; name = Base; path = Base.lproj/Main.storyboard; sourceTree = "<group>"; };
		DC6C71D81A2608410075E20F /* Images.xcassets */ = {isa = PBXFileReference; lastKnownFileType = folder.assetcatalog; path = Images.xcassets; sourceTree = "<group>"; };
		DC6C71DB1A2608410075E20F /* Base */ = {isa = PBXFileReference; lastKnownFileType = file.xib; name = Base; path = Base.lproj/LaunchScreen.xib; sourceTree = "<group>"; };
		DC6C71E11A2608410075E20F /* ios_praktikumTests.xctest */ = {isa = PBXFileReference; explicitFileType = wrapper.cfbundle; includeInIndex = 0; path = ios_praktikumTests.xctest; sourceTree = BUILT_PRODUCTS_DIR; };
		DC6C71E61A2608410075E20F /* Info.plist */ = {isa = PBXFileReference; lastKnownFileType = text.plist.xml; path = Info.plist; sourceTree = "<group>"; };
		DC6C71E71A2608410075E20F /* ios_praktikumTests.m */ = {isa = PBXFileReference; lastKnownFileType = sourcecode.c.objc; path = ios_praktikumTests.m; sourceTree = "<group>"; };
/* End PBXFileReference section */

/* Begin PBXFrameworksBuildPhase section */
		DC6C71C21A2608410075E20F /* Frameworks */ = {
			isa = PBXFrameworksBuildPhase;
			buildActionMask = 2147483647;
			files = (
			);
			runOnlyForDeploymentPostprocessing = 0;
		};
		DC6C71DE1A2608410075E20F /* Frameworks */ = {
			isa = PBXFrameworksBuildPhase;
			buildActionMask = 2147483647;
			files = (
			);
			runOnlyForDeploymentPostprocessing = 0;
		};
/* End PBXFrameworksBuildPhase section */

/* Begin PBXGroup section */
		DC6C71BC1A2608410075E20F = {
			isa = PBXGroup;
			children = (
				DC27CE9D1A2889AA00318FB8 /* todo.txt */,
				DC6C71C71A2608410075E20F /* ios_praktikum */,
				DC6C71E41A2608410075E20F /* ios_praktikumTests */,
				DC6C71C61A2608410075E20F /* Products */,
			);
			sourceTree = "<group>";
		};
		DC6C71C61A2608410075E20F /* Products */ = {
			isa = PBXGroup;
			children = (
				DC6C71C51A2608410075E20F /* ios_praktikum.app */,
				DC6C71E11A2608410075E20F /* ios_praktikumTests.xctest */,
			);
			name = Products;
			sourceTree = "<group>";
		};
		DC6C71C71A2608410075E20F /* ios_praktikum */ = {
			isa = PBXGroup;
			children = (
				DC6C71CC1A2608410075E20F /* AppDelegate.h */,
				DC6C71CD1A2608410075E20F /* AppDelegate.m */,
				DC27CEA51A28973C00318FB8 /* Contact.h */,
				DC27CEA61A28973C00318FB8 /* Contact.m */,
				DC1BF6511A260AAF00247A0F /* ContactManager.h */,
				DC1BF6521A260AAF00247A0F /* ContactManager.m */,
				DC1BF65C1A26187A00247A0F /* ContactTableViewCell.h */,
				DC1BF65D1A26187A00247A0F /* ContactTableViewCell.m */,
				DC6C71D21A2608410075E20F /* SaveContactViewController.h */,
				DC6C71D31A2608410075E20F /* SaveContactViewController.m */,
				DC6C71D51A2608410075E20F /* Main.storyboard */,
				DC1BF6551A260FE600247A0F /* ContactTableViewController.h */,
				DC1BF6561A260FE600247A0F /* ContactTableViewController.m */,
				DC6C71CF1A2608410075E20F /* ios_praktikum.xcdatamodeld */,
				DC6C71D81A2608410075E20F /* Images.xcassets */,
				DC6C71DA1A2608410075E20F /* LaunchScreen.xib */,
				DC6C71C81A2608410075E20F /* Supporting Files */,
			);
			path = ios_praktikum;
			sourceTree = "<group>";
		};
		DC6C71C81A2608410075E20F /* Supporting Files */ = {
			isa = PBXGroup;
			children = (
				DC6C71C91A2608410075E20F /* Info.plist */,
				DC6C71CA1A2608410075E20F /* main.m */,
			);
			name = "Supporting Files";
			sourceTree = "<group>";
		};
		DC6C71E41A2608410075E20F /* ios_praktikumTests */ = {
			isa = PBXGroup;
			children = (
				DC6C71E71A2608410075E20F /* ios_praktikumTests.m */,
				DC6C71E51A2608410075E20F /* Supporting Files */,
			);
			path = ios_praktikumTests;
			sourceTree = "<group>";
		};
		DC6C71E51A2608410075E20F /* Supporting Files */ = {
			isa = PBXGroup;
			children = (
				DC6C71E61A2608410075E20F /* Info.plist */,
			);
			name = "Supporting Files";
			sourceTree = "<group>";
		};
/* End PBXGroup section */

/* Begin PBXNativeTarget section */
		DC6C71C41A2608410075E20F /* ios_praktikum */ = {
			isa = PBXNativeTarget;
			buildConfigurationList = DC6C71EB1A2608410075E20F /* Build configuration list for PBXNativeTarget "ios_praktikum" */;
			buildPhases = (
				DC6C71C11A2608410075E20F /* Sources */,
				DC6C71C21A2608410075E20F /* Frameworks */,
				DC6C71C31A2608410075E20F /* Resources */,
			);
			buildRules = (
			);
			dependencies = (
			);
			name = ios_praktikum;
			productName = ios_praktikum;
			productReference = DC6C71C51A2608410075E20F /* ios_praktikum.app */;
			productType = "com.apple.product-type.application";
		};
		DC6C71E01A2608410075E20F /* ios_praktikumTests */ = {
			isa = PBXNativeTarget;
			buildConfigurationList = DC6C71EE1A2608410075E20F /* Build configuration list for PBXNativeTarget "ios_praktikumTests" */;
			buildPhases = (
				DC6C71DD1A2608410075E20F /* Sources */,
				DC6C71DE1A2608410075E20F /* Frameworks */,
				DC6C71DF1A2608410075E20F /* Resources */,
			);
			buildRules = (
			);
			dependencies = (
				DC6C71E31A2608410075E20F /* PBXTargetDependency */,
			);
			name = ios_praktikumTests;
			productName = ios_praktikumTests;
			productReference = DC6C71E11A2608410075E20F /* ios_praktikumTests.xctest */;
			productType = "com.apple.product-type.bundle.unit-test";
		};
/* End PBXNativeTarget section */

/* Begin PBXProject section */
		DC6C71BD1A2608410075E20F /* Project object */ = {
			isa = PBXProject;
			attributes = {
				LastUpgradeCheck = 0610;
				ORGANIZATIONNAME = "Felix Jensen";
				TargetAttributes = {
					DC6C71C41A2608410075E20F = {
						CreatedOnToolsVersion = 6.1;
					};
					DC6C71E01A2608410075E20F = {
						CreatedOnToolsVersion = 6.1;
						TestTargetID = DC6C71C41A2608410075E20F;
					};
				};
			};
			buildConfigurationList = DC6C71C01A2608410075E20F /* Build configuration list for PBXProject "ios_praktikum" */;
			compatibilityVersion = "Xcode 3.2";
			developmentRegion = English;
			hasScannedForEncodings = 0;
			knownRegions = (
				en,
				Base,
			);
			mainGroup = DC6C71BC1A2608410075E20F;
			productRefGroup = DC6C71C61A2608410075E20F /* Products */;
			projectDirPath = "";
			projectRoot = "";
			targets = (
				DC6C71C41A2608410075E20F /* ios_praktikum */,
				DC6C71E01A2608410075E20F /* ios_praktikumTests */,
			);
		};
/* End PBXProject section */

/* Begin PBXResourcesBuildPhase section */
		DC6C71C31A2608410075E20F /* Resources */ = {
			isa = PBXResourcesBuildPhase;
			buildActionMask = 2147483647;
			files = (
				DC27CE9E1A2889AA00318FB8 /* todo.txt in Resources */,
				DC6C71D71A2608410075E20F /* Main.storyboard in Resources */,
				DC6C71DC1A2608410075E20F /* LaunchScreen.xib in Resources */,
				DC6C71D91A2608410075E20F /* Images.xcassets in Resources */,
			);
			runOnlyForDeploymentPostprocessing = 0;
		};
		DC6C71DF1A2608410075E20F /* Resources */ = {
			isa = PBXResourcesBuildPhase;
			buildActionMask = 2147483647;
			files = (
			);
			runOnlyForDeploymentPostprocessing = 0;
		};
/* End PBXResourcesBuildPhase section */

/* Begin PBXSourcesBuildPhase section */
		DC6C71C11A2608410075E20F /* Sources */ = {
			isa = PBXSourcesBuildPhase;
			buildActionMask = 2147483647;
			files = (
				DC1BF65E1A26187A00247A0F /* ContactTableViewCell.m in Sources */,
				DC6C71CE1A2608410075E20F /* AppDelegate.m in Sources */,
				DC27CEA71A28973C00318FB8 /* Contact.m in Sources */,
				DC6C71CB1A2608410075E20F /* main.m in Sources */,
				DC6C71D41A2608410075E20F /* SaveContactViewController.m in Sources */,
				DC1BF6541A260AAF00247A0F /* ContactManager.m in Sources */,
				DC1BF6571A260FE600247A0F /* ContactTableViewController.m in Sources */,
				DC6C71D11A2608410075E20F /* ios_praktikum.xcdatamodeld in Sources */,
			);
			runOnlyForDeploymentPostprocessing = 0;
		};
		DC6C71DD1A2608410075E20F /* Sources */ = {
			isa = PBXSourcesBuildPhase;
			buildActionMask = 2147483647;
			files = (
				DC6C71E81A2608410075E20F /* ios_praktikumTests.m in Sources */,
			);
			runOnlyForDeploymentPostprocessing = 0;
		};
/* End PBXSourcesBuildPhase section */

/* Begin PBXTargetDependency section */
		DC6C71E31A2608410075E20F /* PBXTargetDependency */ = {
			isa = PBXTargetDependency;
			target = DC6C71C41A2608410075E20F /* ios_praktikum */;
			targetProxy = DC6C71E21A2608410075E20F /* PBXContainerItemProxy */;
		};
/* End PBXTargetDependency section */

/* Begin PBXVariantGroup section */
		DC6C71D51A2608410075E20F /* Main.storyboard */ = {
			isa = PBXVariantGroup;
			children = (
				DC6C71D61A2608410075E20F /* Base */,
			);
			name = Main.storyboard;
			sourceTree = "<group>";
		};
		DC6C71DA1A2608410075E20F /* LaunchScreen.xib */ = {
			isa = PBXVariantGroup;
			children = (
				DC6C71DB1A2608410075E20F /* Base */,
			);
			name = LaunchScreen.xib;
			sourceTree = "<group>";
		};
/* End PBXVariantGroup section */

/* Begin XCBuildConfiguration section */
		DC6C71E91A2608410075E20F /* Debug */ = {
			isa = XCBuildConfiguration;
			buildSettings = {
				ALWAYS_SEARCH_USER_PATHS = NO;
				CLANG_CXX_LANGUAGE_STANDARD = "gnu++0x";
				CLANG_CXX_LIBRARY = "libc++";
				CLANG_ENABLE_MODULES = YES;
				CLANG_ENABLE_OBJC_ARC = YES;
				CLANG_WARN_BOOL_CONVERSION = YES;
				CLANG_WARN_CONSTANT_CONVERSION = YES;
				CLANG_WARN_DIRECT_OBJC_ISA_USAGE = YES_ERROR;
				CLANG_WARN_EMPTY_BODY = YES;
				CLANG_WARN_ENUM_CONVERSION = YES;
				CLANG_WARN_INT_CONVERSION = YES;
				CLANG_WARN_OBJC_ROOT_CLASS = YES_ERROR;
				CLANG_WARN_UNREACHABLE_CODE = YES;
				CLANG_WARN__DUPLICATE_METHOD_MATCH = YES;
				"CODE_SIGN_IDENTITY[sdk=iphoneos*]" = "iPhone Developer";
				COPY_PHASE_STRIP = NO;
				ENABLE_STRICT_OBJC_MSGSEND = YES;
				GCC_C_LANGUAGE_STANDARD = gnu99;
				GCC_DYNAMIC_NO_PIC = NO;
				GCC_OPTIMIZATION_LEVEL = 0;
				GCC_PREPROCESSOR_DEFINITIONS = (
					"DEBUG=1",
					"$(inherited)",
				);
				GCC_SYMBOLS_PRIVATE_EXTERN = NO;
				GCC_WARN_64_TO_32_BIT_CONVERSION = YES;
				GCC_WARN_ABOUT_RETURN_TYPE = YES_ERROR;
				GCC_WARN_UNDECLARED_SELECTOR = YES;
				GCC_WARN_UNINITIALIZED_AUTOS = YES_AGGRESSIVE;
				GCC_WARN_UNUSED_FUNCTION = YES;
				GCC_WARN_UNUSED_VARIABLE = YES;
				IPHONEOS_DEPLOYMENT_TARGET = 8.1;
				MTL_ENABLE_DEBUG_INFO = YES;
				ONLY_ACTIVE_ARCH = YES;
				SDKROOT = iphoneos;
			};
			name = Debug;
		};
		DC6C71EA1A2608410075E20F /* Release */ = {
			isa = XCBuildConfiguration;
			buildSettings = {
				ALWAYS_SEARCH_USER_PATHS = NO;
				CLANG_CXX_LANGUAGE_STANDARD = "gnu++0x";
				CLANG_CXX_LIBRARY = "libc++";
				CLANG_ENABLE_MODULES = YES;
				CLANG_ENABLE_OBJC_ARC = YES;
				CLANG_WARN_BOOL_CONVERSION = YES;
				CLANG_WARN_CONSTANT_CONVERSION = YES;
				CLANG_WARN_DIRECT_OBJC_ISA_USAGE = YES_ERROR;
				CLANG_WARN_EMPTY_BODY = YES;
				CLANG_WARN_ENUM_CONVERSION = YES;
				CLANG_WARN_INT_CONVERSION = YES;
				CLANG_WARN_OBJC_ROOT_CLASS = YES_ERROR;
				CLANG_WARN_UNREACHABLE_CODE = YES;
				CLANG_WARN__DUPLICATE_METHOD_MATCH = YES;
				"CODE_SIGN_IDENTITY[sdk=iphoneos*]" = "iPhone Developer";
				COPY_PHASE_STRIP = YES;
				ENABLE_NS_ASSERTIONS = NO;
				ENABLE_STRICT_OBJC_MSGSEND = YES;
				GCC_C_LANGUAGE_STANDARD = gnu99;
				GCC_WARN_64_TO_32_BIT_CONVERSION = YES;
				GCC_WARN_ABOUT_RETURN_TYPE = YES_ERROR;
				GCC_WARN_UNDECLARED_SELECTOR = YES;
				GCC_WARN_UNINITIALIZED_AUTOS = YES_AGGRESSIVE;
				GCC_WARN_UNUSED_FUNCTION = YES;
				GCC_WARN_UNUSED_VARIABLE = YES;
				IPHONEOS_DEPLOYMENT_TARGET = 8.1;
				MTL_ENABLE_DEBUG_INFO = NO;
				SDKROOT = iphoneos;
				VALIDATE_PRODUCT = YES;
			};
			name = Release;
		};
		DC6C71EC1A2608410075E20F /* Debug */ = {
			isa = XCBuildConfiguration;
			buildSettings = {
				ASSETCATALOG_COMPILER_APPICON_NAME = AppIcon;
				INFOPLIST_FILE = ios_praktikum/Info.plist;
				LD_RUNPATH_SEARCH_PATHS = "$(inherited) @executable_path/Frameworks";
				PRODUCT_NAME = "$(TARGET_NAME)";
			};
			name = Debug;
		};
		DC6C71ED1A2608410075E20F /* Release */ = {
			isa = XCBuildConfiguration;
			buildSettings = {
				ASSETCATALOG_COMPILER_APPICON_NAME = AppIcon;
				INFOPLIST_FILE = ios_praktikum/Info.plist;
				LD_RUNPATH_SEARCH_PATHS = "$(inherited) @executable_path/Frameworks";
				PRODUCT_NAME = "$(TARGET_NAME)";
			};
			name = Release;
		};
		DC6C71EF1A2608410075E20F /* Debug */ = {
			isa = XCBuildConfiguration;
			buildSettings = {
				BUNDLE_LOADER = "$(TEST_HOST)";
				FRAMEWORK_SEARCH_PATHS = (
					"$(SDKROOT)/Developer/Library/Frameworks",
					"$(inherited)",
				);
				GCC_PREPROCESSOR_DEFINITIONS = (
					"DEBUG=1",
					"$(inherited)",
				);
				INFOPLIST_FILE = ios_praktikumTests/Info.plist;
				LD_RUNPATH_SEARCH_PATHS = "$(inherited) @executable_path/Frameworks @loader_path/Frameworks";
				PRODUCT_NAME = "$(TARGET_NAME)";
				TEST_HOST = "$(BUILT_PRODUCTS_DIR)/ios_praktikum.app/ios_praktikum";
			};
			name = Debug;
		};
		DC6C71F01A2608410075E20F /* Release */ = {
			isa = XCBuildConfiguration;
			buildSettings = {
				BUNDLE_LOADER = "$(TEST_HOST)";
				FRAMEWORK_SEARCH_PATHS = (
					"$(SDKROOT)/Developer/Library/Frameworks",
					"$(inherited)",
				);
				INFOPLIST_FILE = ios_praktikumTests/Info.plist;
				LD_RUNPATH_SEARCH_PATHS = "$(inherited) @executable_path/Frameworks @loader_path/Frameworks";
				PRODUCT_NAME = "$(TARGET_NAME)";
				TEST_HOST = "$(BUILT_PRODUCTS_DIR)/ios_praktikum.app/ios_praktikum";
			};
			name = Release;
		};
/* End XCBuildConfiguration section */

/* Begin XCConfigurationList section */
		DC6C71C01A2608410075E20F /* Build configuration list for PBXProject "ios_praktikum" */ = {
			isa = XCConfigurationList;
			buildConfigurations = (
				DC6C71E91A2608410075E20F /* Debug */,
				DC6C71EA1A2608410075E20F /* Release */,
			);
			defaultConfigurationIsVisible = 0;
			defaultConfigurationName = Release;
		};
		DC6C71EB1A2608410075E20F /* Build configuration list for PBXNativeTarget "ios_praktikum" */ = {
			isa = XCConfigurationList;
			buildConfigurations = (
				DC6C71EC1A2608410075E20F /* Debug */,
				DC6C71ED1A2608410075E20F /* Release */,
			);
			defaultConfigurationIsVisible = 0;
			defaultConfigurationName = Release;
		};
		DC6C71EE1A2608410075E20F /* Build configuration list for PBXNativeTarget "ios_praktikumTests" */ = {
			isa = XCConfigurationList;
			buildConfigurations = (
				DC6C71EF1A2608410075E20F /* Debug */,
				DC6C71F01A2608410075E20F /* Release */,
			);
			defaultConfigurationIsVisible = 0;
			defaultConfigurationName = Release;
		};
/* End XCConfigurationList section */

/* Begin XCVersionGroup section */
		DC6C71CF1A2608410075E20F /* ios_praktikum.xcdatamodeld */ = {
			isa = XCVersionGroup;
			children = (
				DC6C71D01A2608410075E20F /* ios_praktikum.xcdatamodel */,
			);
			currentVersion = DC6C71D01A2608410075E20F /* ios_praktikum.xcdatamodel */;
			path = ios_praktikum.xcdatamodeld;
			sourceTree = "<group>";
			versionGroupType = wrapper.xcdatamodel;
		};
/* End XCVersionGroup section */
	};
	rootObject = DC6C71BD1A2608410075E20F /* Project object */;
}
